# This file is automatically @generated by Cargo.
# It is not intended for manual editing.
version = 4

[[package]]
name = "ciu-core"
version = "0.1.0"

[[package]]
name = "ciu-goggles"
version = "0.1.0"
dependencies = [
 "ciu-core",
]

[[package]]
name = "ciu-helmet"
version = "0.1.0"
dependencies = [
 "ciu-core",
]
